<?xml version="1.0" encoding="utf-8"?>
<Project ToolsVersion="4.0" xmlns="http://schemas.microsoft.com/developer/msbuild/2003">
  <ItemGroup>
    <Filter Include="头文件">
      <UniqueIdentifier>{93995380-89BD-4b04-88EB-625FBE52EBFB}</UniqueIdentifier>
      <Extensions>h;hh;hpp;hxx;h++;hm;inl;inc;ipp;xsd</Extensions>
    </Filter>
    <Filter Include="源文件">
      <UniqueIdentifier>{4FC737F1-C7A5-4376-A066-2A32D752A2FF}</UniqueIdentifier>
      <Extensions>cpp;c;cc;cxx;c++;def;odl;idl;hpj;bat;asm;asmx</Extensions>
    </Filter>
    <Filter Include="源文件\输入输出数字个数函数">
      <UniqueIdentifier>{1a0393fa-4bde-42cf-a3e1-4bfb4e2dfb5b}</UniqueIdentifier>
    </Filter>
    <Filter Include="源文件\画图函数">
      <UniqueIdentifier>{80248284-ceb9-442e-88b1-8091576a73c1}</UniqueIdentifier>
    </Filter>
    <Filter Include="头文件\书店类">
      <UniqueIdentifier>{87c8c52b-a4f6-47e9-a827-d4e28516929b}</UniqueIdentifier>
    </Filter>
    <Filter Include="源文件\排序函数">
      <UniqueIdentifier>{3a857657-e08e-47d2-bee9-c6db3f670baf}</UniqueIdentifier>
    </Filter>
    <Filter Include="源文件\排序函数\比较">
      <UniqueIdentifier>{6e532812-50f9-4462-b9c6-e26cedf7217e}</UniqueIdentifier>
    </Filter>
    <Filter Include="源文件\排序函数\选择">
      <UniqueIdentifier>{8aff02de-f246-4d69-97f9-d8c8ed8c99d0}</UniqueIdentifier>
    </Filter>
    <Filter Include="源文件\排序函数\插入">
      <UniqueIdentifier>{b0d93df4-4518-489e-b01e-aa5969283a96}</UniqueIdentifier>
    </Filter>
    <Filter Include="源文件\输入输出数字个数函数\输入输出">
      <UniqueIdentifier>{f3aa1742-726d-4cdb-b167-2ec96be65149}</UniqueIdentifier>
    </Filter>
    <Filter Include="源文件\输入输出数字个数函数\输入个数">
      <UniqueIdentifier>{dd27dfc2-bd5b-430b-bb9b-4ecc7e2b1675}</UniqueIdentifier>
    </Filter>
    <Filter Include="源文件\排序函数\其他">
      <UniqueIdentifier>{6d67b179-870f-4823-9d8a-d9f376d48a52}</UniqueIdentifier>
    </Filter>
    <Filter Include="源文件\查找函数">
      <UniqueIdentifier>{df72a5f7-a4e5-4a2c-85d3-be8f471566f0}</UniqueIdentifier>
    </Filter>
    <Filter Include="源文件\查找函数\顺序查找">
      <UniqueIdentifier>{86b72bb5-572d-4343-a54b-648159a7a223}</UniqueIdentifier>
    </Filter>
    <Filter Include="源文件\查找函数\二分查找">
      <UniqueIdentifier>{33095078-9eb5-4994-887c-b66859d0ca1c}</UniqueIdentifier>
    </Filter>
    <Filter Include="源文件\查找函数\插值查找">
      <UniqueIdentifier>{9c013bbe-8ddf-4a1c-848b-766220f6ee8b}</UniqueIdentifier>
    </Filter>
    <Filter Include="源文件\查找函数\斐波那契查找">
      <UniqueIdentifier>{575f42a5-04c3-4d62-b558-f920f1bd2bcc}</UniqueIdentifier>
    </Filter>
    <Filter Include="源文件\查找函数\树表查找">
      <UniqueIdentifier>{db5acbda-f70b-4bdd-9dfc-f2ab2bc66250}</UniqueIdentifier>
    </Filter>
    <Filter Include="源文件\查找函数\树表查找\二叉树查找">
      <UniqueIdentifier>{e2b58de8-c5fa-4bb8-8bf3-1f7a8bcec6d8}</UniqueIdentifier>
    </Filter>
    <Filter Include="源文件\查找函数\树表查找\平衡查找树">
      <UniqueIdentifier>{27c0c531-e415-46a5-ac56-b91c323a3c6d}</UniqueIdentifier>
    </Filter>
    <Filter Include="源文件\查找函数\树表查找\红黑树">
      <UniqueIdentifier>{4a1d0bec-1f1e-4f9e-b5bf-f097969cd695}</UniqueIdentifier>
    </Filter>
    <Filter Include="源文件\查找函数\树表查找\B树和B+树">
      <UniqueIdentifier>{d80b1820-d5ba-4cfc-92db-6cdd747d471c}</UniqueIdentifier>
    </Filter>
    <Filter Include="源文件\查找函数\分块查找">
      <UniqueIdentifier>{916b1196-1b84-438f-b668-67b95eeed4a2}</UniqueIdentifier>
    </Filter>
    <Filter Include="源文件\查找函数\哈希查找">
      <UniqueIdentifier>{5c1a9664-d764-4421-ab98-a23c961c5dfc}</UniqueIdentifier>
    </Filter>
    <Filter Include="源文件\图">
      <UniqueIdentifier>{0f11aa83-9d41-4656-9533-f1db704c647d}</UniqueIdentifier>
    </Filter>
    <Filter Include="源文件\图\广度优先搜索">
      <UniqueIdentifier>{289d98e8-2a15-4f57-b957-f5f1ac885ea3}</UniqueIdentifier>
    </Filter>
    <Filter Include="源文件\图\深度优先搜索">
      <UniqueIdentifier>{8ac756f8-b3d2-4d80-b636-1f480ac0213d}</UniqueIdentifier>
    </Filter>
    <Filter Include="源文件\图\有向无权图的最短路径">
      <UniqueIdentifier>{af015fbb-ddb8-460f-a33d-bc04c667ae65}</UniqueIdentifier>
    </Filter>
    <Filter Include="源文件\图\最小生成树">
      <UniqueIdentifier>{38b795fd-50df-4b9c-a3d5-75c33a312e55}</UniqueIdentifier>
    </Filter>
    <Filter Include="源文件\图\最小生成树\Prim">
      <UniqueIdentifier>{721b6bd6-64e2-496d-aa01-0f03ba87748b}</UniqueIdentifier>
    </Filter>
    <Filter Include="源文件\图\最小生成树\Kruskal">
      <UniqueIdentifier>{74b94f63-65c7-4cb6-843d-c707f104641b}</UniqueIdentifier>
    </Filter>
    <Filter Include="源文件\图\最短路径">
      <UniqueIdentifier>{3655fbf4-ab21-44ea-9b08-d18b7b410ffc}</UniqueIdentifier>
    </Filter>
    <Filter Include="源文件\图\最短路径\Dijkstra">
      <UniqueIdentifier>{68e5440a-8b2b-4614-8958-be2180d4840d}</UniqueIdentifier>
    </Filter>
    <Filter Include="源文件\图\最短路径\Floyd">
      <UniqueIdentifier>{d3974f4e-5f76-410b-8a8c-a6ef468bc807}</UniqueIdentifier>
    </Filter>
  </ItemGroup>
  <ItemGroup>
    <ClCompile Include="main.cpp">
      <Filter>源文件</Filter>
    </ClCompile>
    <ClCompile Include="drawFuntion.cpp">
      <Filter>源文件\画图函数</Filter>
    </ClCompile>
    <ClCompile Include="insertSort.cpp">
      <Filter>源文件\排序函数\插入</Filter>
    </ClCompile>
    <ClCompile Include="bubblingSort.cpp">
      <Filter>源文件\排序函数\比较</Filter>
    </ClCompile>
    <ClCompile Include="selectionSort.cpp">
      <Filter>源文件\排序函数\选择</Filter>
    </ClCompile>
    <ClCompile Include="coutNumber.cpp">
      <Filter>源文件\输入输出数字个数函数\输入输出</Filter>
    </ClCompile>
    <ClCompile Include="inputNumber.cpp">
      <Filter>源文件\输入输出数字个数函数\输入输出</Filter>
    </ClCompile>
    <ClCompile Include="inputNumberRequest.cpp">
      <Filter>源文件\输入输出数字个数函数\输入个数</Filter>
    </ClCompile>
    <ClCompile Include="shellSort.cpp">
      <Filter>源文件\排序函数\插入</Filter>
    </ClCompile>
    <ClCompile Include="stackSort.cpp">
      <Filter>源文件\排序函数\选择</Filter>
    </ClCompile>
    <ClCompile Include="quickSort.cpp">
      <Filter>源文件\排序函数\比较</Filter>
    </ClCompile>
    <ClCompile Include="radixSort.cpp">
      <Filter>源文件\排序函数\其他</Filter>
    </ClCompile>
    <ClCompile Include="mergeSort.cpp">
      <Filter>源文件\排序函数\其他</Filter>
    </ClCompile>
  </ItemGroup>
  <ItemGroup>
    <ClInclude Include="headFile.h">
      <Filter>头文件</Filter>
    </ClInclude>
    <ClInclude Include="Sales_data.h">
      <Filter>头文件\书店类</Filter>
    </ClInclude>
  </ItemGroup>
</Project>